
Microsoft Visual Studio Solution File, Format Version 12.00
# Visual Studio Version 17
VisualStudioVersion = 17.14.36203.30 d17.14
MinimumVisualStudioVersion = 10.0.40219.1
Project("{FAE04EC0-301F-11D3-BF4B-00C04F79EFBC}") = "WirtualnaUczelnia", "WirtualnaUczelnia\WirtualnaUczelnia.csproj", "{6A51CCDF-ACC0-4111-801A-7C5C1B8974C1}"
EndProject
Global
	GlobalSection(SolutionConfigurationPlatforms) = preSolution
		Debug|Any CPU = Debug|Any CPU
		Release|Any CPU = Release|Any CPU
	EndGlobalSection
	GlobalSection(ProjectConfigurationPlatforms) = postSolution
		{6A51CCDF-ACC0-4111-801A-7C5C1B8974C1}.Debug|Any CPU.ActiveCfg = Debug|Any CPU
		{6A51CCDF-ACC0-4111-801A-7C5C1B8974C1}.Debug|Any CPU.Build.0 = Debug|Any CPU
		{6A51CCDF-ACC0-4111-801A-7C5C1B8974C1}.Release|Any CPU.ActiveCfg = Release|Any CPU
		{6A51CCDF-ACC0-4111-801A-7C5C1B8974C1}.Release|Any CPU.Build.0 = Release|Any CPU
	EndGlobalSection
	GlobalSection(SolutionProperties) = preSolution
		HideSolutionNode = FALSE
	EndGlobalSection
	GlobalSection(ExtensibilityGlobals) = postSolution
		SolutionGuid = {CE092D3E-DEDF-4643-8F42-3F7685AFEBA0}
	EndGlobalSection
EndGlobal
